
Microsoft Visual Studio Solution File, Format Version 12.00
# Visual Studio Version 17
VisualStudioVersion = 17.4.33205.214
MinimumVisualStudioVersion = 10.0.40219.1
Project("{FAE04EC0-301F-11D3-BF4B-00C04F79EFBC}") = "Git hub 1", "Git hub 1.csproj", "{4196DD39-B962-4554-8D29-205E5CAA3CA3}"
EndProject
Global
	GlobalSection(SolutionConfigurationPlatforms) = preSolution
		Debug|Any CPU = Debug|Any CPU
		Release|Any CPU = Release|Any CPU
	EndGlobalSection
	GlobalSection(ProjectConfigurationPlatforms) = postSolution
		{4196DD39-B962-4554-8D29-205E5CAA3CA3}.Debug|Any CPU.ActiveCfg = Debug|Any CPU
		{4196DD39-B962-4554-8D29-205E5CAA3CA3}.Debug|Any CPU.Build.0 = Debug|Any CPU
		{4196DD39-B962-4554-8D29-205E5CAA3CA3}.Release|Any CPU.ActiveCfg = Release|Any CPU
		{4196DD39-B962-4554-8D29-205E5CAA3CA3}.Release|Any CPU.Build.0 = Release|Any CPU
	EndGlobalSection
	GlobalSection(SolutionProperties) = preSolution
		HideSolutionNode = FALSE
	EndGlobalSection
	GlobalSection(ExtensibilityGlobals) = postSolution
		SolutionGuid = {A37DD47F-ECB0-47CE-A804-7F0CD1FAFA18}
	EndGlobalSection
EndGlobal
